
Microsoft Visual Studio Solution File, Format Version 12.00
# Visual Studio Version 17
VisualStudioVersion = 17.9.34607.119
MinimumVisualStudioVersion = 10.0.40219.1
Project("{FAE04EC0-301F-11D3-BF4B-00C04F79EFBC}") = "ThreadsApi", "ThreadsApi.csproj", "{15FA85B0-557C-4496-934B-3E0E9EB6523E}"
EndProject
Global
	GlobalSection(SolutionConfigurationPlatforms) = preSolution
		Debug|Any CPU = Debug|Any CPU
		Release|Any CPU = Release|Any CPU
	EndGlobalSection
	GlobalSection(ProjectConfigurationPlatforms) = postSolution
		{15FA85B0-557C-4496-934B-3E0E9EB6523E}.Debug|Any CPU.ActiveCfg = Debug|Any CPU
		{15FA85B0-557C-4496-934B-3E0E9EB6523E}.Debug|Any CPU.Build.0 = Debug|Any CPU
		{15FA85B0-557C-4496-934B-3E0E9EB6523E}.Release|Any CPU.ActiveCfg = Release|Any CPU
		{15FA85B0-557C-4496-934B-3E0E9EB6523E}.Release|Any CPU.Build.0 = Release|Any CPU
	EndGlobalSection
	GlobalSection(SolutionProperties) = preSolution
		HideSolutionNode = FALSE
	EndGlobalSection
	GlobalSection(ExtensibilityGlobals) = postSolution
		SolutionGuid = {03D6D97F-5C48-4F62-BD70-FDC7B172F186}
	EndGlobalSection
EndGlobal
